
Microsoft Visual Studio Solution File, Format Version 12.00
# Visual Studio Version 17
VisualStudioVersion = 17.4.33213.308
MinimumVisualStudioVersion = 10.0.40219.1
Project("{2150E333-8FDC-42A3-9474-1A3956D46DE8}") = "src", "src", "{3F6378DF-956D-4D5D-8C9E-6EDE1EAE1D57}"
EndProject
Project("{2150E333-8FDC-42A3-9474-1A3956D46DE8}") = "Services", "Services", "{69EE3DD3-7B1B-479F-8487-2D59D7CF7E65}"
EndProject
Project("{2150E333-8FDC-42A3-9474-1A3956D46DE8}") = "Элементы решения", "Элементы решения", "{29A4891F-1D07-41A6-B6F6-C6134DB58C80}"
	ProjectSection(SolutionItems) = preProject
		.gitignore = .gitignore
	EndProjectSection
EndProject
Project("{2150E333-8FDC-42A3-9474-1A3956D46DE8}") = "Web", "Web", "{F5612A43-F4D2-410E-8C0C-C81DE57906D6}"
EndProject
Project("{2150E333-8FDC-42A3-9474-1A3956D46DE8}") = "Users", "Users", "{9BFA44E6-A322-45D1-8D30-2D939EFD5D80}"
EndProject
Project("{2150E333-8FDC-42A3-9474-1A3956D46DE8}") = "Infrastructure", "Infrastructure", "{E076F656-2A0D-4908-BAD7-F48761A135C3}"
EndProject
Project("{2150E333-8FDC-42A3-9474-1A3956D46DE8}") = "Core", "Core", "{B6B2D745-2082-4048-B683-00313C52B09D}"
EndProject
Project("{2150E333-8FDC-42A3-9474-1A3956D46DE8}") = "RabbitMQ", "RabbitMQ", "{D296783B-7B1A-4654-8D44-7F40D21CC333}"
EndProject
Project("{2150E333-8FDC-42A3-9474-1A3956D46DE8}") = "Tests", "Tests", "{E3FB25BB-30DC-40E3-AC7D-E11BCE46AEDC}"
EndProject
Project("{2150E333-8FDC-42A3-9474-1A3956D46DE8}") = "APIGateway", "APIGateway", "{44EA0E49-3B08-4260-BCFF-E3830C95A965}"
EndProject
Project("{9A19103F-16F7-4668-BE54-9A1E7A4F7556}") = "MagarichVideoService.Infrastructure.Core", "Infrastructure\Core\MagarichVideoService.Infrastructure.Core\MagarichVideoService.Infrastructure.Core.csproj", "{BCBA1D16-7AB0-427C-B4AC-1A9FA6F75B42}"
EndProject
Project("{9A19103F-16F7-4668-BE54-9A1E7A4F7556}") = "MagarichVideoService.APIGateway.API", "src\Services\APIGateway\MagarichVideoService.APIGateway.API\MagarichVideoService.APIGateway.API.csproj", "{63C7ABCD-13A4-4D78-A8B6-A994EFE5C2BE}"
EndProject
Project("{9A19103F-16F7-4668-BE54-9A1E7A4F7556}") = "MagarichVideoService.Users.API", "src\Services\Users\MagarichVideoService.Users.API\MagarichVideoService.Users.API.csproj", "{79B0C897-69B7-4278-A2B1-0928765388FA}"
EndProject
Project("{9A19103F-16F7-4668-BE54-9A1E7A4F7556}") = "MagarichVideoService.Users.DAL", "src\Services\Users\MagarichVideoService.Users.DAL\MagarichVideoService.Users.DAL.csproj", "{CE8F5593-5566-44F9-925A-08514104A499}"
EndProject
Project("{9A19103F-16F7-4668-BE54-9A1E7A4F7556}") = "MagarichVideoService.Users.Domain", "src\Services\Users\MagarichVideoService.Users.Domain\MagarichVideoService.Users.Domain.csproj", "{295DCAE6-514F-44CD-9B7D-89C1DD0C21BC}"
EndProject
Project("{9A19103F-16F7-4668-BE54-9A1E7A4F7556}") = "MagarichVideoService.Users.UnitTests", "src\Services\Users\Tests\MagarichVideoService.Users.UnitTests\MagarichVideoService.Users.UnitTests.csproj", "{1D96F54D-19FB-402F-A039-345FECA9BE38}"
EndProject
Project("{9A19103F-16F7-4668-BE54-9A1E7A4F7556}") = "MagarichVideoService.Web", "src\Web\MagarichVideoService.Web\MagarichVideoService.Web.csproj", "{60AF7EFB-C6EE-40A8-8A08-DF3491BACD3E}"
EndProject
Global
	GlobalSection(SolutionConfigurationPlatforms) = preSolution
		Debug|Any CPU = Debug|Any CPU
		Release|Any CPU = Release|Any CPU
	EndGlobalSection
	GlobalSection(ProjectConfigurationPlatforms) = postSolution
		{BCBA1D16-7AB0-427C-B4AC-1A9FA6F75B42}.Debug|Any CPU.ActiveCfg = Debug|Any CPU
		{BCBA1D16-7AB0-427C-B4AC-1A9FA6F75B42}.Debug|Any CPU.Build.0 = Debug|Any CPU
		{BCBA1D16-7AB0-427C-B4AC-1A9FA6F75B42}.Release|Any CPU.ActiveCfg = Release|Any CPU
		{BCBA1D16-7AB0-427C-B4AC-1A9FA6F75B42}.Release|Any CPU.Build.0 = Release|Any CPU
		{63C7ABCD-13A4-4D78-A8B6-A994EFE5C2BE}.Debug|Any CPU.ActiveCfg = Debug|Any CPU
		{63C7ABCD-13A4-4D78-A8B6-A994EFE5C2BE}.Debug|Any CPU.Build.0 = Debug|Any CPU
		{63C7ABCD-13A4-4D78-A8B6-A994EFE5C2BE}.Release|Any CPU.ActiveCfg = Release|Any CPU
		{63C7ABCD-13A4-4D78-A8B6-A994EFE5C2BE}.Release|Any CPU.Build.0 = Release|Any CPU
		{79B0C897-69B7-4278-A2B1-0928765388FA}.Debug|Any CPU.ActiveCfg = Debug|Any CPU
		{79B0C897-69B7-4278-A2B1-0928765388FA}.Debug|Any CPU.Build.0 = Debug|Any CPU
		{79B0C897-69B7-4278-A2B1-0928765388FA}.Release|Any CPU.ActiveCfg = Release|Any CPU
		{79B0C897-69B7-4278-A2B1-0928765388FA}.Release|Any CPU.Build.0 = Release|Any CPU
		{CE8F5593-5566-44F9-925A-08514104A499}.Debug|Any CPU.ActiveCfg = Debug|Any CPU
		{CE8F5593-5566-44F9-925A-08514104A499}.Debug|Any CPU.Build.0 = Debug|Any CPU
		{CE8F5593-5566-44F9-925A-08514104A499}.Release|Any CPU.ActiveCfg = Release|Any CPU
		{CE8F5593-5566-44F9-925A-08514104A499}.Release|Any CPU.Build.0 = Release|Any CPU
		{295DCAE6-514F-44CD-9B7D-89C1DD0C21BC}.Debug|Any CPU.ActiveCfg = Debug|Any CPU
		{295DCAE6-514F-44CD-9B7D-89C1DD0C21BC}.Debug|Any CPU.Build.0 = Debug|Any CPU
		{295DCAE6-514F-44CD-9B7D-89C1DD0C21BC}.Release|Any CPU.ActiveCfg = Release|Any CPU
		{295DCAE6-514F-44CD-9B7D-89C1DD0C21BC}.Release|Any CPU.Build.0 = Release|Any CPU
		{1D96F54D-19FB-402F-A039-345FECA9BE38}.Debug|Any CPU.ActiveCfg = Debug|Any CPU
		{1D96F54D-19FB-402F-A039-345FECA9BE38}.Debug|Any CPU.Build.0 = Debug|Any CPU
		{1D96F54D-19FB-402F-A039-345FECA9BE38}.Release|Any CPU.ActiveCfg = Release|Any CPU
		{1D96F54D-19FB-402F-A039-345FECA9BE38}.Release|Any CPU.Build.0 = Release|Any CPU
		{60AF7EFB-C6EE-40A8-8A08-DF3491BACD3E}.Debug|Any CPU.ActiveCfg = Debug|Any CPU
		{60AF7EFB-C6EE-40A8-8A08-DF3491BACD3E}.Debug|Any CPU.Build.0 = Debug|Any CPU
		{60AF7EFB-C6EE-40A8-8A08-DF3491BACD3E}.Release|Any CPU.ActiveCfg = Release|Any CPU
		{60AF7EFB-C6EE-40A8-8A08-DF3491BACD3E}.Release|Any CPU.Build.0 = Release|Any CPU
	EndGlobalSection
	GlobalSection(SolutionProperties) = preSolution
		HideSolutionNode = FALSE
	EndGlobalSection
	GlobalSection(NestedProjects) = preSolution
		{69EE3DD3-7B1B-479F-8487-2D59D7CF7E65} = {3F6378DF-956D-4D5D-8C9E-6EDE1EAE1D57}
		{F5612A43-F4D2-410E-8C0C-C81DE57906D6} = {3F6378DF-956D-4D5D-8C9E-6EDE1EAE1D57}
		{9BFA44E6-A322-45D1-8D30-2D939EFD5D80} = {69EE3DD3-7B1B-479F-8487-2D59D7CF7E65}
		{B6B2D745-2082-4048-B683-00313C52B09D} = {E076F656-2A0D-4908-BAD7-F48761A135C3}
		{D296783B-7B1A-4654-8D44-7F40D21CC333} = {E076F656-2A0D-4908-BAD7-F48761A135C3}
		{E3FB25BB-30DC-40E3-AC7D-E11BCE46AEDC} = {9BFA44E6-A322-45D1-8D30-2D939EFD5D80}
		{44EA0E49-3B08-4260-BCFF-E3830C95A965} = {69EE3DD3-7B1B-479F-8487-2D59D7CF7E65}
		{BCBA1D16-7AB0-427C-B4AC-1A9FA6F75B42} = {B6B2D745-2082-4048-B683-00313C52B09D}
		{63C7ABCD-13A4-4D78-A8B6-A994EFE5C2BE} = {44EA0E49-3B08-4260-BCFF-E3830C95A965}
		{79B0C897-69B7-4278-A2B1-0928765388FA} = {9BFA44E6-A322-45D1-8D30-2D939EFD5D80}
		{CE8F5593-5566-44F9-925A-08514104A499} = {9BFA44E6-A322-45D1-8D30-2D939EFD5D80}
		{295DCAE6-514F-44CD-9B7D-89C1DD0C21BC} = {9BFA44E6-A322-45D1-8D30-2D939EFD5D80}
		{1D96F54D-19FB-402F-A039-345FECA9BE38} = {E3FB25BB-30DC-40E3-AC7D-E11BCE46AEDC}
		{60AF7EFB-C6EE-40A8-8A08-DF3491BACD3E} = {F5612A43-F4D2-410E-8C0C-C81DE57906D6}
	EndGlobalSection
	GlobalSection(ExtensibilityGlobals) = postSolution
		SolutionGuid = {E73AC631-7D45-45ED-B818-32A03F74D4FA}
	EndGlobalSection
EndGlobal
